<?xml version="1.0" encoding="utf-8"?>
<Project ToolsVersion="4.0" xmlns="http://schemas.microsoft.com/developer/msbuild/2003">
  <ItemGroup>
    <Filter Include="Fichiers sources">
      <UniqueIdentifier>{4FC737F1-C7A5-4376-A066-2A32D752A2FF}</UniqueIdentifier>
      <Extensions>cpp;c;cc;cxx;def;odl;idl;hpj;bat;asm;asmx</Extensions>
    </Filter>
    <Filter Include="Fichiers d%27en-tête">
      <UniqueIdentifier>{93995380-89BD-4b04-88EB-625FBE52EBFB}</UniqueIdentifier>
      <Extensions>h;hh;hpp;hxx;hm;inl;inc;ipp;xsd</Extensions>
    </Filter>
    <Filter Include="Fichiers de ressources">
      <UniqueIdentifier>{67DA6AB6-F800-4c08-8B7A-83BB121AAD01}</UniqueIdentifier>
      <Extensions>rc;ico;cur;bmp;dlg;rc2;rct;bin;rgs;gif;jpg;jpeg;jpe;resx;tiff;tif;png;wav;mfcribbon-ms</Extensions>
    </Filter>
    <Filter Include="Fichiers sources\thrid_party">
      <UniqueIdentifier>{34a4583e-a488-4927-8403-4476794a4572}</UniqueIdentifier>
    </Filter>
    <Filter Include="Fichiers sources\thrid_party\json">
      <UniqueIdentifier>{dd4cc574-c2b8-4c6f-bd4d-8ff9744361cd}</UniqueIdentifier>
    </Filter>
    <Filter Include="Fichiers sources\thrid_party\xml">
      <UniqueIdentifier>{6c52b32b-ac5a-4bb7-a4d4-501e1001c577}</UniqueIdentifier>
    </Filter>
    <Filter Include="Fichiers sources\property">
      <UniqueIdentifier>{a4328eda-47d0-49ec-ae47-7b08b4a507d2}</UniqueIdentifier>
    </Filter>
    <Filter Include="Fichiers sources\io">
      <UniqueIdentifier>{26054f39-e6c4-4f1e-9da0-a4ccba6fca35}</UniqueIdentifier>
    </Filter>
    <Filter Include="Fichiers sources\io\file">
      <UniqueIdentifier>{beea03a5-cda6-4331-8ea9-7f3a279388bd}</UniqueIdentifier>
    </Filter>
    <Filter Include="Fichiers sources\project">
      <UniqueIdentifier>{b8383ae4-4921-4091-96f6-4bd349873fd2}</UniqueIdentifier>
    </Filter>
    <Filter Include="Fichiers sources\project\loader">
      <UniqueIdentifier>{d59c0789-514b-4e78-a4fb-6b18e12380d0}</UniqueIdentifier>
    </Filter>
    <Filter Include="Fichiers de ressources\json">
      <UniqueIdentifier>{1eda1789-b468-45b2-b3cf-bfb518cfa349}</UniqueIdentifier>
    </Filter>
    <Filter Include="Fichiers de ressources\json\prop">
      <UniqueIdentifier>{a77d6f9f-7ee6-444a-913d-61832d81fe67}</UniqueIdentifier>
    </Filter>
    <Filter Include="Fichiers de ressources\xml">
      <UniqueIdentifier>{e070d398-2787-417d-ad00-847049e68fd9}</UniqueIdentifier>
    </Filter>
    <Filter Include="Fichiers de ressources\xml\prop">
      <UniqueIdentifier>{99de84b1-3553-4937-bf84-81311b77cf28}</UniqueIdentifier>
    </Filter>
  </ItemGroup>
  <ItemGroup>
    <ClCompile Include="source\dllmain.cpp">
      <Filter>Fichiers sources</Filter>
    </ClCompile>
    <ClCompile Include="source\pch.cpp">
      <Filter>Fichiers sources</Filter>
    </ClCompile>
    <ClCompile Include="source\third_party\xml\pugixml.cpp">
      <Filter>Fichiers sources\thrid_party\xml</Filter>
    </ClCompile>
    <ClCompile Include="source\property\property_manager.cpp">
      <Filter>Fichiers sources\property</Filter>
    </ClCompile>
    <ClCompile Include="source\io\file\reader_json.cpp">
      <Filter>Fichiers sources\io\file</Filter>
    </ClCompile>
    <ClCompile Include="source\io\file\reader_header.cpp">
      <Filter>Fichiers sources\io\file</Filter>
    </ClCompile>
    <ClCompile Include="source\project\project_manager.cpp">
      <Filter>Fichiers sources\project</Filter>
    </ClCompile>
    <ClCompile Include="source\project\loader\project_manager_loader_prop_item.cpp">
      <Filter>Fichiers sources\project\loader</Filter>
    </ClCompile>
    <ClCompile Include="source\project\loader\project_manager_loader_prop_skill.cpp">
      <Filter>Fichiers sources\project\loader</Filter>
    </ClCompile>
    <ClCompile Include="source\project\loader\project_manager_loader_prop_karma.cpp">
      <Filter>Fichiers sources\project\loader</Filter>
    </ClCompile>
    <ClCompile Include="source\project\loader\project_manager_loader_prop_ctrl.cpp">
      <Filter>Fichiers sources\project\loader</Filter>
    </ClCompile>
    <ClCompile Include="source\io\file\reader_xml.cpp">
      <Filter>Fichiers sources\io\file</Filter>
    </ClCompile>
  </ItemGroup>
  <ItemGroup>
    <ClInclude Include="source\framework.h">
      <Filter>Fichiers sources</Filter>
    </ClInclude>
    <ClInclude Include="source\pch.h">
      <Filter>Fichiers sources</Filter>
    </ClInclude>
    <ClInclude Include="source\third_party\json\picojson.h">
      <Filter>Fichiers sources\thrid_party\json</Filter>
    </ClInclude>
    <ClInclude Include="source\third_party\xml\pugiconfig.h">
      <Filter>Fichiers sources\thrid_party\xml</Filter>
    </ClInclude>
    <ClInclude Include="source\third_party\xml\pugixml.h">
      <Filter>Fichiers sources\thrid_party\xml</Filter>
    </ClInclude>
    <ClInclude Include="source\property\property.hpp">
      <Filter>Fichiers sources\property</Filter>
    </ClInclude>
    <ClInclude Include="source\property\property_manager.hpp">
      <Filter>Fichiers sources\property</Filter>
    </ClInclude>
    <ClInclude Include="source\property\prop_karma.hpp">
      <Filter>Fichiers sources\property</Filter>
    </ClInclude>
    <ClInclude Include="source\property\prop_mover.hpp">
      <Filter>Fichiers sources\property</Filter>
    </ClInclude>
    <ClInclude Include="source\property\prop_skill.hpp">
      <Filter>Fichiers sources\property</Filter>
    </ClInclude>
    <ClInclude Include="source\property\prop_ctrl.hpp">
      <Filter>Fichiers sources\property</Filter>
    </ClInclude>
    <ClInclude Include="source\property\prop_item.hpp">
      <Filter>Fichiers sources\property</Filter>
    </ClInclude>
    <ClInclude Include="source\io\file\reader_json.hpp">
      <Filter>Fichiers sources\io\file</Filter>
    </ClInclude>
    <ClInclude Include="source\io\file\reader_header.hpp">
      <Filter>Fichiers sources\io\file</Filter>
    </ClInclude>
    <ClInclude Include="source\project\project_manager.hpp">
      <Filter>Fichiers sources\project</Filter>
    </ClInclude>
    <ClInclude Include="source\property\prop_mover_ex.hpp">
      <Filter>Fichiers sources\property</Filter>
    </ClInclude>
    <ClInclude Include="source\io\file\reader.hpp">
      <Filter>Fichiers sources\io\file</Filter>
    </ClInclude>
    <ClInclude Include="source\io\file\reader_xml.hpp">
      <Filter>Fichiers sources\io\file</Filter>
    </ClInclude>
  </ItemGroup>
  <ItemGroup>
    <None Include="ressource\json\prop\propItem.json">
      <Filter>Fichiers de ressources\json\prop</Filter>
    </None>
    <None Include="ressource\json\prop\propMoverEx.json">
      <Filter>Fichiers de ressources\json\prop</Filter>
    </None>
    <None Include="ressource\json\prop\propMoverExAI.json">
      <Filter>Fichiers de ressources\json\prop</Filter>
    </None>
    <None Include="ressource\json\prop\propQuest.json">
      <Filter>Fichiers de ressources\json\prop</Filter>
    </None>
    <None Include="ressource\json\prop\randomEventMonster.json">
      <Filter>Fichiers de ressources\json\prop</Filter>
    </None>
  </ItemGroup>
</Project>